PATH
  remote: .
  specs:
    no-style-please (0.4.9)

GEM
  remote: https://rubygems.org/
  specs:
    base64 (0.3.0)
    bigdecimal (3.1.3)
    csv (3.2.6)
    kramdown (2.5.2)
      rexml (>= 3.4.4)
    kramdown-parser-gfm (1.1.0)
      kramdown (~> 2.0)
    logger (1.5.3)
    rexml (3.4.4)
    webrick (1.8.1)

PLATFORMS
  ruby
  x86_64-linux-gnu

DEPENDENCIES
  base64
  bigdecimal
  csv
  kramdown-parser-gfm
  logger
  no-style-please!
  webrick

CHECKSUMS
  base64 (0.3.0)
  bigdecimal (3.1.3)
  csv (3.2.6)
  kramdown (2.5.2)
  kramdown-parser-gfm (1.1.0)
  logger (1.5.3)
  no-style-please (0.4.9)
  rexml (3.4.4)
  webrick (1.8.1)

BUNDLED WITH
  4.0.5
